
Microsoft Visual Studio Solution File, Format Version 12.00
# Visual Studio Version 17
VisualStudioVersion = 17.7.34221.43
MinimumVisualStudioVersion = 10.0.40219.1
Project("{FAE04EC0-301F-11D3-BF4B-00C04F79EFBC}") = "aspnet_study1", "aspnet_study1\aspnet_study1.csproj", "{8364A582-EC49-458A-9126-3DE9B2241CB9}"
EndProject
Global
	GlobalSection(SolutionConfigurationPlatforms) = preSolution
		Debug|Any CPU = Debug|Any CPU
		Release|Any CPU = Release|Any CPU
	EndGlobalSection
	GlobalSection(ProjectConfigurationPlatforms) = postSolution
		{8364A582-EC49-458A-9126-3DE9B2241CB9}.Debug|Any CPU.ActiveCfg = Debug|Any CPU
		{8364A582-EC49-458A-9126-3DE9B2241CB9}.Debug|Any CPU.Build.0 = Debug|Any CPU
		{8364A582-EC49-458A-9126-3DE9B2241CB9}.Release|Any CPU.ActiveCfg = Release|Any CPU
		{8364A582-EC49-458A-9126-3DE9B2241CB9}.Release|Any CPU.Build.0 = Release|Any CPU
	EndGlobalSection
	GlobalSection(SolutionProperties) = preSolution
		HideSolutionNode = FALSE
	EndGlobalSection
	GlobalSection(ExtensibilityGlobals) = postSolution
		SolutionGuid = {B6FF8131-98A8-4C04-8CC4-3343C27378CE}
	EndGlobalSection
EndGlobal
